
Microsoft Visual Studio Solution File, Format Version 12.00
# Visual Studio Version 17
VisualStudioVersion = 17.7.34202.233
MinimumVisualStudioVersion = 10.0.40219.1
Project("{FAE04EC0-301F-11D3-BF4B-00C04F79EFBC}") = "Group7SubdivisionTracking", "Group7SubdivisionTracking\Group7SubdivisionTracking.csproj", "{97944C3C-F398-42FC-A2B6-1770B8317B60}"
EndProject
Global
	GlobalSection(SolutionConfigurationPlatforms) = preSolution
		Debug|Any CPU = Debug|Any CPU
		Release|Any CPU = Release|Any CPU
	EndGlobalSection
	GlobalSection(ProjectConfigurationPlatforms) = postSolution
		{97944C3C-F398-42FC-A2B6-1770B8317B60}.Debug|Any CPU.ActiveCfg = Debug|Any CPU
		{97944C3C-F398-42FC-A2B6-1770B8317B60}.Debug|Any CPU.Build.0 = Debug|Any CPU
		{97944C3C-F398-42FC-A2B6-1770B8317B60}.Release|Any CPU.ActiveCfg = Release|Any CPU
		{97944C3C-F398-42FC-A2B6-1770B8317B60}.Release|Any CPU.Build.0 = Release|Any CPU
	EndGlobalSection
	GlobalSection(SolutionProperties) = preSolution
		HideSolutionNode = FALSE
	EndGlobalSection
	GlobalSection(ExtensibilityGlobals) = postSolution
		SolutionGuid = {A040ADE5-2392-4993-9F08-33EBE6CAC89E}
	EndGlobalSection
EndGlobal
